
Microsoft Visual Studio Solution File, Format Version 12.00
# Visual Studio Version 17
VisualStudioVersion = 17.11.35312.102
MinimumVisualStudioVersion = 10.0.40219.1
Project("{9A19103F-16F7-4668-BE54-9A1E7A4F7556}") = "SmartMeterWeb", "SmartMeterWeb.csproj", "{EB090B33-8C91-41CB-9341-C2BDC99144AA}"
EndProject
Global
	GlobalSection(SolutionConfigurationPlatforms) = preSolution
		Debug|Any CPU = Debug|Any CPU
		Release|Any CPU = Release|Any CPU
	EndGlobalSection
	GlobalSection(ProjectConfigurationPlatforms) = postSolution
		{EB090B33-8C91-41CB-9341-C2BDC99144AA}.Debug|Any CPU.ActiveCfg = Debug|Any CPU
		{EB090B33-8C91-41CB-9341-C2BDC99144AA}.Debug|Any CPU.Build.0 = Debug|Any CPU
		{EB090B33-8C91-41CB-9341-C2BDC99144AA}.Release|Any CPU.ActiveCfg = Release|Any CPU
		{EB090B33-8C91-41CB-9341-C2BDC99144AA}.Release|Any CPU.Build.0 = Release|Any CPU
	EndGlobalSection
	GlobalSection(SolutionProperties) = preSolution
		HideSolutionNode = FALSE
	EndGlobalSection
	GlobalSection(ExtensibilityGlobals) = postSolution
		SolutionGuid = {93868AF1-6BFC-4276-BF61-3E28B2C39F3A}
	EndGlobalSection
EndGlobal
